
Microsoft Visual Studio Solution File, Format Version 12.00
# Visual Studio Version 17
VisualStudioVersion = 17.2.32616.157
MinimumVisualStudioVersion = 10.0.40219.1
Project("{FAE04EC0-301F-11D3-BF4B-00C04F79EFBC}") = "EkzamenEF", "EkzamenEF\EkzamenEF.csproj", "{D54545E1-BCA1-4D8A-9479-84EB86A9D42A}"
EndProject
Global
	GlobalSection(SolutionConfigurationPlatforms) = preSolution
		Debug|Any CPU = Debug|Any CPU
		Release|Any CPU = Release|Any CPU
	EndGlobalSection
	GlobalSection(ProjectConfigurationPlatforms) = postSolution
		{D54545E1-BCA1-4D8A-9479-84EB86A9D42A}.Debug|Any CPU.ActiveCfg = Debug|Any CPU
		{D54545E1-BCA1-4D8A-9479-84EB86A9D42A}.Debug|Any CPU.Build.0 = Debug|Any CPU
		{D54545E1-BCA1-4D8A-9479-84EB86A9D42A}.Release|Any CPU.ActiveCfg = Release|Any CPU
		{D54545E1-BCA1-4D8A-9479-84EB86A9D42A}.Release|Any CPU.Build.0 = Release|Any CPU
	EndGlobalSection
	GlobalSection(SolutionProperties) = preSolution
		HideSolutionNode = FALSE
	EndGlobalSection
	GlobalSection(ExtensibilityGlobals) = postSolution
		SolutionGuid = {65B40A2E-2B44-4BF9-A328-96CCECD98E32}
	EndGlobalSection
EndGlobal
